
Microsoft Visual Studio Solution File, Format Version 12.00
# Visual Studio Version 16
VisualStudioVersion = 16.0.29306.81
MinimumVisualStudioVersion = 10.0.40219.1
Project("{FAE04EC0-301F-11D3-BF4B-00C04F79EFBC}") = "Fibonacci", "Fibonacci\Fibonacci.csproj", "{F30FF06B-37C9-4D71-B500-9972942BDE14}"
EndProject
Global
	GlobalSection(SolutionConfigurationPlatforms) = preSolution
		Debug|Any CPU = Debug|Any CPU
		Release|Any CPU = Release|Any CPU
	EndGlobalSection
	GlobalSection(ProjectConfigurationPlatforms) = postSolution
		{F30FF06B-37C9-4D71-B500-9972942BDE14}.Debug|Any CPU.ActiveCfg = Debug|Any CPU
		{F30FF06B-37C9-4D71-B500-9972942BDE14}.Debug|Any CPU.Build.0 = Debug|Any CPU
		{F30FF06B-37C9-4D71-B500-9972942BDE14}.Release|Any CPU.ActiveCfg = Release|Any CPU
		{F30FF06B-37C9-4D71-B500-9972942BDE14}.Release|Any CPU.Build.0 = Release|Any CPU
	EndGlobalSection
	GlobalSection(SolutionProperties) = preSolution
		HideSolutionNode = FALSE
	EndGlobalSection
	GlobalSection(ExtensibilityGlobals) = postSolution
		SolutionGuid = {185F9F73-595F-419B-9585-43230D851666}
	EndGlobalSection
EndGlobal
