
Microsoft Visual Studio Solution File, Format Version 12.00
# Visual Studio Version 16
VisualStudioVersion = 16.0.29306.81
MinimumVisualStudioVersion = 10.0.40219.1
Project("{FAE04EC0-301F-11D3-BF4B-00C04F79EFBC}") = "2nd_ind", "2nd_ind\2nd_ind.csproj", "{787AE77F-80FC-4B0C-BB73-96560D9C3C34}"
EndProject
Global
	GlobalSection(SolutionConfigurationPlatforms) = preSolution
		Debug|Any CPU = Debug|Any CPU
		Release|Any CPU = Release|Any CPU
	EndGlobalSection
	GlobalSection(ProjectConfigurationPlatforms) = postSolution
		{787AE77F-80FC-4B0C-BB73-96560D9C3C34}.Debug|Any CPU.ActiveCfg = Debug|Any CPU
		{787AE77F-80FC-4B0C-BB73-96560D9C3C34}.Debug|Any CPU.Build.0 = Debug|Any CPU
		{787AE77F-80FC-4B0C-BB73-96560D9C3C34}.Release|Any CPU.ActiveCfg = Release|Any CPU
		{787AE77F-80FC-4B0C-BB73-96560D9C3C34}.Release|Any CPU.Build.0 = Release|Any CPU
	EndGlobalSection
	GlobalSection(SolutionProperties) = preSolution
		HideSolutionNode = FALSE
	EndGlobalSection
	GlobalSection(ExtensibilityGlobals) = postSolution
		SolutionGuid = {829E51E0-1320-4B78-AA76-400BE253070D}
	EndGlobalSection
EndGlobal
