
Microsoft Visual Studio Solution File, Format Version 12.00
# Visual Studio Version 16
VisualStudioVersion = 16.0.29418.71
MinimumVisualStudioVersion = 10.0.40219.1
Project("{FAE04EC0-301F-11D3-BF4B-00C04F79EFBC}") = "Single character", "Single character\Single character.csproj", "{2F54806D-D415-48AC-A66A-18438F379FED}"
EndProject
Global
	GlobalSection(SolutionConfigurationPlatforms) = preSolution
		Debug|Any CPU = Debug|Any CPU
		Release|Any CPU = Release|Any CPU
	EndGlobalSection
	GlobalSection(ProjectConfigurationPlatforms) = postSolution
		{2F54806D-D415-48AC-A66A-18438F379FED}.Debug|Any CPU.ActiveCfg = Debug|Any CPU
		{2F54806D-D415-48AC-A66A-18438F379FED}.Debug|Any CPU.Build.0 = Debug|Any CPU
		{2F54806D-D415-48AC-A66A-18438F379FED}.Release|Any CPU.ActiveCfg = Release|Any CPU
		{2F54806D-D415-48AC-A66A-18438F379FED}.Release|Any CPU.Build.0 = Release|Any CPU
	EndGlobalSection
	GlobalSection(SolutionProperties) = preSolution
		HideSolutionNode = FALSE
	EndGlobalSection
	GlobalSection(ExtensibilityGlobals) = postSolution
		SolutionGuid = {0F5D73E5-9FA8-44D3-8622-A0C94FA8A508}
	EndGlobalSection
EndGlobal
