
Microsoft Visual Studio Solution File, Format Version 12.00
# Visual Studio Version 16
VisualStudioVersion = 16.0.29306.81
MinimumVisualStudioVersion = 10.0.40219.1
Project("{FAE04EC0-301F-11D3-BF4B-00C04F79EFBC}") = "Four operations", "Four operations\Four operations.csproj", "{BD7439DE-F723-430D-9DE9-9F952DA80770}"
EndProject
Global
	GlobalSection(SolutionConfigurationPlatforms) = preSolution
		Debug|Any CPU = Debug|Any CPU
		Release|Any CPU = Release|Any CPU
	EndGlobalSection
	GlobalSection(ProjectConfigurationPlatforms) = postSolution
		{BD7439DE-F723-430D-9DE9-9F952DA80770}.Debug|Any CPU.ActiveCfg = Debug|Any CPU
		{BD7439DE-F723-430D-9DE9-9F952DA80770}.Debug|Any CPU.Build.0 = Debug|Any CPU
		{BD7439DE-F723-430D-9DE9-9F952DA80770}.Release|Any CPU.ActiveCfg = Release|Any CPU
		{BD7439DE-F723-430D-9DE9-9F952DA80770}.Release|Any CPU.Build.0 = Release|Any CPU
	EndGlobalSection
	GlobalSection(SolutionProperties) = preSolution
		HideSolutionNode = FALSE
	EndGlobalSection
	GlobalSection(ExtensibilityGlobals) = postSolution
		SolutionGuid = {861A0D60-3279-4C68-B077-2404C86C7A33}
	EndGlobalSection
EndGlobal
