
Microsoft Visual Studio Solution File, Format Version 12.00
# Visual Studio Version 16
VisualStudioVersion = 16.0.29306.81
MinimumVisualStudioVersion = 10.0.40219.1
Project("{FAE04EC0-301F-11D3-BF4B-00C04F79EFBC}") = "Two matrices 5x5", "Two matrices 5x5\Two matrices 5x5.csproj", "{AD6C5F8E-697A-4388-9B1B-3AD7CD2093FB}"
EndProject
Global
	GlobalSection(SolutionConfigurationPlatforms) = preSolution
		Debug|Any CPU = Debug|Any CPU
		Release|Any CPU = Release|Any CPU
	EndGlobalSection
	GlobalSection(ProjectConfigurationPlatforms) = postSolution
		{AD6C5F8E-697A-4388-9B1B-3AD7CD2093FB}.Debug|Any CPU.ActiveCfg = Debug|Any CPU
		{AD6C5F8E-697A-4388-9B1B-3AD7CD2093FB}.Debug|Any CPU.Build.0 = Debug|Any CPU
		{AD6C5F8E-697A-4388-9B1B-3AD7CD2093FB}.Release|Any CPU.ActiveCfg = Release|Any CPU
		{AD6C5F8E-697A-4388-9B1B-3AD7CD2093FB}.Release|Any CPU.Build.0 = Release|Any CPU
	EndGlobalSection
	GlobalSection(SolutionProperties) = preSolution
		HideSolutionNode = FALSE
	EndGlobalSection
	GlobalSection(ExtensibilityGlobals) = postSolution
		SolutionGuid = {BB983CE9-176D-4172-A852-E0C9F6B33AAC}
	EndGlobalSection
EndGlobal
