
Microsoft Visual Studio Solution File, Format Version 12.00
# Visual Studio Version 16
VisualStudioVersion = 16.0.29920.165
MinimumVisualStudioVersion = 10.0.40219.1
Project("{FAE04EC0-301F-11D3-BF4B-00C04F79EFBC}") = "NumberOfOccurrences", "NumberOfOccurrences\NumberOfOccurrences.csproj", "{2FD07101-75A7-41C9-8688-CEE5EEE6ADE3}"
EndProject
Global
	GlobalSection(SolutionConfigurationPlatforms) = preSolution
		Debug|Any CPU = Debug|Any CPU
		Release|Any CPU = Release|Any CPU
	EndGlobalSection
	GlobalSection(ProjectConfigurationPlatforms) = postSolution
		{2FD07101-75A7-41C9-8688-CEE5EEE6ADE3}.Debug|Any CPU.ActiveCfg = Debug|Any CPU
		{2FD07101-75A7-41C9-8688-CEE5EEE6ADE3}.Debug|Any CPU.Build.0 = Debug|Any CPU
		{2FD07101-75A7-41C9-8688-CEE5EEE6ADE3}.Release|Any CPU.ActiveCfg = Release|Any CPU
		{2FD07101-75A7-41C9-8688-CEE5EEE6ADE3}.Release|Any CPU.Build.0 = Release|Any CPU
	EndGlobalSection
	GlobalSection(SolutionProperties) = preSolution
		HideSolutionNode = FALSE
	EndGlobalSection
	GlobalSection(ExtensibilityGlobals) = postSolution
		SolutionGuid = {F8FE93F3-D301-4E48-B734-E6496A1F58C2}
	EndGlobalSection
EndGlobal
