
Microsoft Visual Studio Solution File, Format Version 12.00
# Visual Studio Version 16
VisualStudioVersion = 16.0.29306.81
MinimumVisualStudioVersion = 10.0.40219.1
Project("{FAE04EC0-301F-11D3-BF4B-00C04F79EFBC}") = "1st_ind", "1st_ind\1st_ind.csproj", "{A38DA894-E303-4011-94BA-F8A3A023FF06}"
EndProject
Global
	GlobalSection(SolutionConfigurationPlatforms) = preSolution
		Debug|Any CPU = Debug|Any CPU
		Release|Any CPU = Release|Any CPU
	EndGlobalSection
	GlobalSection(ProjectConfigurationPlatforms) = postSolution
		{A38DA894-E303-4011-94BA-F8A3A023FF06}.Debug|Any CPU.ActiveCfg = Debug|Any CPU
		{A38DA894-E303-4011-94BA-F8A3A023FF06}.Debug|Any CPU.Build.0 = Debug|Any CPU
		{A38DA894-E303-4011-94BA-F8A3A023FF06}.Release|Any CPU.ActiveCfg = Release|Any CPU
		{A38DA894-E303-4011-94BA-F8A3A023FF06}.Release|Any CPU.Build.0 = Release|Any CPU
	EndGlobalSection
	GlobalSection(SolutionProperties) = preSolution
		HideSolutionNode = FALSE
	EndGlobalSection
	GlobalSection(ExtensibilityGlobals) = postSolution
		SolutionGuid = {BBC61AD1-CC00-4E29-94B2-DCF85C39CEEB}
	EndGlobalSection
EndGlobal
