
Microsoft Visual Studio Solution File, Format Version 12.00
# Visual Studio Version 16
VisualStudioVersion = 16.0.29306.81
MinimumVisualStudioVersion = 10.0.40219.1
Project("{FAE04EC0-301F-11D3-BF4B-00C04F79EFBC}") = "Sum of cubes", "Sum of cubes\Sum of cubes.csproj", "{A0E41AE5-BD80-4546-89CB-C6313AA0FCBB}"
EndProject
Global
	GlobalSection(SolutionConfigurationPlatforms) = preSolution
		Debug|Any CPU = Debug|Any CPU
		Release|Any CPU = Release|Any CPU
	EndGlobalSection
	GlobalSection(ProjectConfigurationPlatforms) = postSolution
		{A0E41AE5-BD80-4546-89CB-C6313AA0FCBB}.Debug|Any CPU.ActiveCfg = Debug|Any CPU
		{A0E41AE5-BD80-4546-89CB-C6313AA0FCBB}.Debug|Any CPU.Build.0 = Debug|Any CPU
		{A0E41AE5-BD80-4546-89CB-C6313AA0FCBB}.Release|Any CPU.ActiveCfg = Release|Any CPU
		{A0E41AE5-BD80-4546-89CB-C6313AA0FCBB}.Release|Any CPU.Build.0 = Release|Any CPU
	EndGlobalSection
	GlobalSection(SolutionProperties) = preSolution
		HideSolutionNode = FALSE
	EndGlobalSection
	GlobalSection(ExtensibilityGlobals) = postSolution
		SolutionGuid = {6082305A-00A9-43AA-9B69-645090A2E7F3}
	EndGlobalSection
EndGlobal
