
Microsoft Visual Studio Solution File, Format Version 12.00
# Visual Studio Version 16
VisualStudioVersion = 16.0.29306.81
MinimumVisualStudioVersion = 10.0.40219.1
Project("{FAE04EC0-301F-11D3-BF4B-00C04F79EFBC}") = "System", "System\System.csproj", "{9397FF56-B300-4D31-BCEC-C46F2C7C49CE}"
EndProject
Global
	GlobalSection(SolutionConfigurationPlatforms) = preSolution
		Debug|Any CPU = Debug|Any CPU
		Release|Any CPU = Release|Any CPU
	EndGlobalSection
	GlobalSection(ProjectConfigurationPlatforms) = postSolution
		{9397FF56-B300-4D31-BCEC-C46F2C7C49CE}.Debug|Any CPU.ActiveCfg = Debug|Any CPU
		{9397FF56-B300-4D31-BCEC-C46F2C7C49CE}.Debug|Any CPU.Build.0 = Debug|Any CPU
		{9397FF56-B300-4D31-BCEC-C46F2C7C49CE}.Release|Any CPU.ActiveCfg = Release|Any CPU
		{9397FF56-B300-4D31-BCEC-C46F2C7C49CE}.Release|Any CPU.Build.0 = Release|Any CPU
	EndGlobalSection
	GlobalSection(SolutionProperties) = preSolution
		HideSolutionNode = FALSE
	EndGlobalSection
	GlobalSection(ExtensibilityGlobals) = postSolution
		SolutionGuid = {2D8647AA-0616-4B45-BE12-ED28D4B4A4B9}
	EndGlobalSection
EndGlobal
