
Microsoft Visual Studio Solution File, Format Version 12.00
# Visual Studio Version 16
VisualStudioVersion = 16.0.29306.81
MinimumVisualStudioVersion = 10.0.40219.1
Project("{FAE04EC0-301F-11D3-BF4B-00C04F79EFBC}") = "Turn Right", "Turn Right\Turn Right.csproj", "{20E6F264-B08D-4E93-BC3F-03B9536C1908}"
EndProject
Global
	GlobalSection(SolutionConfigurationPlatforms) = preSolution
		Debug|Any CPU = Debug|Any CPU
		Release|Any CPU = Release|Any CPU
	EndGlobalSection
	GlobalSection(ProjectConfigurationPlatforms) = postSolution
		{20E6F264-B08D-4E93-BC3F-03B9536C1908}.Debug|Any CPU.ActiveCfg = Debug|Any CPU
		{20E6F264-B08D-4E93-BC3F-03B9536C1908}.Debug|Any CPU.Build.0 = Debug|Any CPU
		{20E6F264-B08D-4E93-BC3F-03B9536C1908}.Release|Any CPU.ActiveCfg = Release|Any CPU
		{20E6F264-B08D-4E93-BC3F-03B9536C1908}.Release|Any CPU.Build.0 = Release|Any CPU
	EndGlobalSection
	GlobalSection(SolutionProperties) = preSolution
		HideSolutionNode = FALSE
	EndGlobalSection
	GlobalSection(ExtensibilityGlobals) = postSolution
		SolutionGuid = {FEF7BA50-AC36-4D19-82FC-E927E5C8CB7E}
	EndGlobalSection
EndGlobal
