
Microsoft Visual Studio Solution File, Format Version 12.00
# Visual Studio Version 16
VisualStudioVersion = 16.0.29306.81
MinimumVisualStudioVersion = 10.0.40219.1
Project("{FAE04EC0-301F-11D3-BF4B-00C04F79EFBC}") = "2_nd ind", "2_nd ind\2_nd ind.csproj", "{2C081B04-F992-4FCB-8E2F-17C07639E613}"
EndProject
Global
	GlobalSection(SolutionConfigurationPlatforms) = preSolution
		Debug|Any CPU = Debug|Any CPU
		Release|Any CPU = Release|Any CPU
	EndGlobalSection
	GlobalSection(ProjectConfigurationPlatforms) = postSolution
		{2C081B04-F992-4FCB-8E2F-17C07639E613}.Debug|Any CPU.ActiveCfg = Debug|Any CPU
		{2C081B04-F992-4FCB-8E2F-17C07639E613}.Debug|Any CPU.Build.0 = Debug|Any CPU
		{2C081B04-F992-4FCB-8E2F-17C07639E613}.Release|Any CPU.ActiveCfg = Release|Any CPU
		{2C081B04-F992-4FCB-8E2F-17C07639E613}.Release|Any CPU.Build.0 = Release|Any CPU
	EndGlobalSection
	GlobalSection(SolutionProperties) = preSolution
		HideSolutionNode = FALSE
	EndGlobalSection
	GlobalSection(ExtensibilityGlobals) = postSolution
		SolutionGuid = {A0D34BD1-C831-4C5F-B4C5-7BEEFF04B5B0}
	EndGlobalSection
EndGlobal
